{
    "_meta": {
        "hash": {
            "sha256": "bf5cec2208b77e3d99ebe2b354c4bb4c0473b89573496e16785067c51e1b1b28"
        },
        "requires": {},
        "sources": [
            {
                "url": "https://pypi.python.org/simple",
                "verify_ssl": true
            }
        ]
    },
    "default": {
        "argparse": {
            "version": "==1.4.0"
        },
        "dot-prop": {
            "version": "==0.2.0"
        },
        "linecache2": {
            "version": "==1.0.0"
        },
        "map-object": {
            "version": "==1.1.1"
        },
        "obstruction": {
            "version": "==0.1.1"
        },
        "six": {
            "version": "==1.10.0"
        },
        "traceback2": {
            "version": "==1.4.0"
        },
        "unittest2": {
            "version": "==1.1.0"
        }
    },
    "develop": {
        "pip": {
            "version": "==9.0.1"
        },
        "pypandoc": {
            "version": "==1.4"
        },
        "setuptools": {
            "version": "==36.0.1"
        },
        "wheel": {
            "version": "==0.29.0"
        }
    }
}
